
Microsoft Visual Studio Solution File, Format Version 12.00
# Visual Studio 2013
VisualStudioVersion = 12.0.31101.0
MinimumVisualStudioVersion = 10.0.40219.1
Project("{FAE04EC0-301F-11D3-BF4B-00C04F79EFBC}") = "NgMapAnimator", "NgMapAnimator\NgMapAnimator.csproj", "{7EF757AD-5458-48B6-9D0D-0BB698DFC24B}"
EndProject
Project("{FAE04EC0-301F-11D3-BF4B-00C04F79EFBC}") = "NgMapAnimator.Core", "NgMapAnimator.Core\NgMapAnimator.Core.csproj", "{D98664CA-6820-4D0C-99CE-8CCF97B2E863}"
EndProject
Project("{FAE04EC0-301F-11D3-BF4B-00C04F79EFBC}") = "ZConsoleApplication", "ZConsoleApplication\ZConsoleApplication.csproj", "{1796B37D-4AB8-4BD7-9FE5-773AA6794E5D}"
EndProject
Project("{FAE04EC0-301F-11D3-BF4B-00C04F79EFBC}") = "YOverlayPngs", "YOverlayPngs\YOverlayPngs.csproj", "{2B426683-15D1-4FF7-ABEE-3067C57B9223}"
EndProject
Global
	GlobalSection(SolutionConfigurationPlatforms) = preSolution
		Debug|Any CPU = Debug|Any CPU
		Release|Any CPU = Release|Any CPU
	EndGlobalSection
	GlobalSection(ProjectConfigurationPlatforms) = postSolution
		{7EF757AD-5458-48B6-9D0D-0BB698DFC24B}.Debug|Any CPU.ActiveCfg = Debug|Any CPU
		{7EF757AD-5458-48B6-9D0D-0BB698DFC24B}.Debug|Any CPU.Build.0 = Debug|Any CPU
		{7EF757AD-5458-48B6-9D0D-0BB698DFC24B}.Release|Any CPU.ActiveCfg = Release|Any CPU
		{7EF757AD-5458-48B6-9D0D-0BB698DFC24B}.Release|Any CPU.Build.0 = Release|Any CPU
		{D98664CA-6820-4D0C-99CE-8CCF97B2E863}.Debug|Any CPU.ActiveCfg = Debug|Any CPU
		{D98664CA-6820-4D0C-99CE-8CCF97B2E863}.Debug|Any CPU.Build.0 = Debug|Any CPU
		{D98664CA-6820-4D0C-99CE-8CCF97B2E863}.Release|Any CPU.ActiveCfg = Release|Any CPU
		{D98664CA-6820-4D0C-99CE-8CCF97B2E863}.Release|Any CPU.Build.0 = Release|Any CPU
		{1796B37D-4AB8-4BD7-9FE5-773AA6794E5D}.Debug|Any CPU.ActiveCfg = Debug|Any CPU
		{1796B37D-4AB8-4BD7-9FE5-773AA6794E5D}.Debug|Any CPU.Build.0 = Debug|Any CPU
		{1796B37D-4AB8-4BD7-9FE5-773AA6794E5D}.Release|Any CPU.ActiveCfg = Release|Any CPU
		{1796B37D-4AB8-4BD7-9FE5-773AA6794E5D}.Release|Any CPU.Build.0 = Release|Any CPU
		{2B426683-15D1-4FF7-ABEE-3067C57B9223}.Debug|Any CPU.ActiveCfg = Debug|Any CPU
		{2B426683-15D1-4FF7-ABEE-3067C57B9223}.Debug|Any CPU.Build.0 = Debug|Any CPU
		{2B426683-15D1-4FF7-ABEE-3067C57B9223}.Release|Any CPU.ActiveCfg = Release|Any CPU
		{2B426683-15D1-4FF7-ABEE-3067C57B9223}.Release|Any CPU.Build.0 = Release|Any CPU
	EndGlobalSection
	GlobalSection(SolutionProperties) = preSolution
		HideSolutionNode = FALSE
	EndGlobalSection
EndGlobal
